// !$*UTF8*$!
{
	archiveVersion = 1;
	classes = {
	};
	objectVersion = 56;
	objects = {

/* Begin PBXBuildFile section */
		4FDE44E92AA796D5004ADACB /* AppDelegate.swift in Sources */ = {isa = PBXBuildFile; fileRef = 4FDE44E82AA796D5004ADACB /* AppDelegate.swift */; };
		4FDE44EB2AA796D5004ADACB /* SceneDelegate.swift in Sources */ = {isa = PBXBuildFile; fileRef = 4FDE44EA2AA796D5004ADACB /* SceneDelegate.swift */; };
		4FDE44ED2AA796D5004ADACB /* ViewController.swift in Sources */ = {isa = PBXBuildFile; fileRef = 4FDE44EC2AA796D5004ADACB /* ViewController.swift */; };
		4FDE44F02AA796D5004ADACB /* Main.storyboard in Resources */ = {isa = PBXBuildFile; fileRef = 4FDE44EE2AA796D5004ADACB /* Main.storyboard */; };
		4FDE44F22AA796D6004ADACB /* Assets.xcassets in Resources */ = {isa = PBXBuildFile; fileRef = 4FDE44F12AA796D6004ADACB /* Assets.xcassets */; };
		4FDE44F52AA796D6004ADACB /* LaunchScreen.storyboard in Resources */ = {isa = PBXBuildFile; fileRef = 4FDE44F32AA796D6004ADACB /* LaunchScreen.storyboard */; };
/* End PBXBuildFile section */

/* Begin PBXContainerItemProxy section */
		4FDE44FC2AA796D7004ADACB /* PBXContainerItemProxy */ = {
			isa = PBXContainerItemProxy;
			containerPortal = 4FDE44DD2AA796D5004ADACB /* Project object */;
			proxyType = 1;
			remoteGlobalIDString = 4FDE44E42AA796D5004ADACB;
			remoteInfo = First_Sem;
		};
		4FDE45062AA796D7004ADACB /* PBXContainerItemProxy */ = {
			isa = PBXContainerItemProxy;
			containerPortal = 4FDE44DD2AA796D5004ADACB /* Project object */;
			proxyType = 1;
			remoteGlobalIDString = 4FDE44E42AA796D5004ADACB;
			remoteInfo = First_Sem;
		};
/* End PBXContainerItemProxy section */

/* Begin PBXFileReference section */
		4FDE44E52AA796D5004ADACB /* First_Sem.app */ = {isa = PBXFileReference; explicitFileType = wrapper.application; includeInIndex = 0; path = First_Sem.app; sourceTree = BUILT_PRODUCTS_DIR; };
		4FDE44E82AA796D5004ADACB /* AppDelegate.swift */ = {isa = PBXFileReference; lastKnownFileType = sourcecode.swift; path = AppDelegate.swift; sourceTree = "<group>"; };
		4FDE44EA2AA796D5004ADACB /* SceneDelegate.swift */ = {isa = PBXFileReference; lastKnownFileType = sourcecode.swift; path = SceneDelegate.swift; sourceTree = "<group>"; };
		4FDE44EC2AA796D5004ADACB /* ViewController.swift */ = {isa = PBXFileReference; lastKnownFileType = sourcecode.swift; path = ViewController.swift; sourceTree = "<group>"; };
		4FDE44EF2AA796D5004ADACB /* Base */ = {isa = PBXFileReference; lastKnownFileType = file.storyboard; name = Base; path = Base.lproj/Main.storyboard; sourceTree = "<group>"; };
		4FDE44F12AA796D6004ADACB /* Assets.xcassets */ = {isa = PBXFileReference; lastKnownFileType = folder.assetcatalog; path = Assets.xcassets; sourceTree = "<group>"; };
		4FDE44F42AA796D6004ADACB /* Base */ = {isa = PBXFileReference; lastKnownFileType = file.storyboard; name = Base; path = Base.lproj/LaunchScreen.storyboard; sourceTree = "<group>"; };
		4FDE44F62AA796D6004ADACB /* Info.plist */ = {isa = PBXFileReference; lastKnownFileType = text.plist.xml; path = Info.plist; sourceTree = "<group>"; };
		4FDE44FB2AA796D7004ADACB /* First_SemTests.xctest */ = {isa = PBXFileReference; explicitFileType = wrapper.cfbundle; includeInIndex = 0; path = First_SemTests.xctest; sourceTree = BUILT_PRODUCTS_DIR; };
		4FDE45052AA796D7004ADACB /* First_SemUITests.xctest */ = {isa = PBXFileReference; explicitFileType = wrapper.cfbundle; includeInIndex = 0; path = First_SemUITests.xctest; sourceTree = BUILT_PRODUCTS_DIR; };
/* End PBXFileReference section */

/* Begin PBXFrameworksBuildPhase section */
		4FDE44E22AA796D5004ADACB /* Frameworks */ = {
			isa = PBXFrameworksBuildPhase;
			buildActionMask = 2147483647;
			files = (
			);
			runOnlyForDeploymentPostprocessing = 0;
		};
		4FDE44F82AA796D7004ADACB /* Frameworks */ = {
			isa = PBXFrameworksBuildPhase;
			buildActionMask = 2147483647;
			files = (
			);
			runOnlyForDeploymentPostprocessing = 0;
		};
		4FDE45022AA796D7004ADACB /* Frameworks */ = {
			isa = PBXFrameworksBuildPhase;
			buildActionMask = 2147483647;
			files = (
			);
			runOnlyForDeploymentPostprocessing = 0;
		};
/* End PBXFrameworksBuildPhase section */

/* Begin PBXGroup section */
		4FDE44DC2AA796D5004ADACB = {
			isa = PBXGroup;
			children = (
				4FDE44E72AA796D5004ADACB /* First_Sem */,
				4FDE44E62AA796D5004ADACB /* Products */,
			);
			sourceTree = "<group>";
		};
		4FDE44E62AA796D5004ADACB /* Products */ = {
			isa = PBXGroup;
			children = (
				4FDE44E52AA796D5004ADACB /* First_Sem.app */,
				4FDE44FB2AA796D7004ADACB /* First_SemTests.xctest */,
				4FDE45052AA796D7004ADACB /* First_SemUITests.xctest */,
			);
			name = Products;
			sourceTree = "<group>";
		};
		4FDE44E72AA796D5004ADACB /* First_Sem */ = {
			isa = PBXGroup;
			children = (
				4FDE44E82AA796D5004ADACB /* AppDelegate.swift */,
				4FDE44EA2AA796D5004ADACB /* SceneDelegate.swift */,
				4FDE44EC2AA796D5004ADACB /* ViewController.swift */,
				4FDE44EE2AA796D5004ADACB /* Main.storyboard */,
				4FDE44F12AA796D6004ADACB /* Assets.xcassets */,
				4FDE44F32AA796D6004ADACB /* LaunchScreen.storyboard */,
				4FDE44F62AA796D6004ADACB /* Info.plist */,
			);
			path = First_Sem;
			sourceTree = "<group>";
		};
/* End PBXGroup section */

/* Begin PBXNativeTarget section */
		4FDE44E42AA796D5004ADACB /* First_Sem */ = {
			isa = PBXNativeTarget;
			buildConfigurationList = 4FDE450F2AA796D7004ADACB /* Build configuration list for PBXNativeTarget "First_Sem" */;
			buildPhases = (
				4FDE44E12AA796D5004ADACB /* Sources */,
				4FDE44E22AA796D5004ADACB /* Frameworks */,
				4FDE44E32AA796D5004ADACB /* Resources */,
			);
			buildRules = (
			);
			dependencies = (
			);
			name = First_Sem;
			productName = First_Sem;
			productReference = 4FDE44E52AA796D5004ADACB /* First_Sem.app */;
			productType = "com.apple.product-type.application";
		};
		4FDE44FA2AA796D7004ADACB /* First_SemTests */ = {
			isa = PBXNativeTarget;
			buildConfigurationList = 4FDE45122AA796D7004ADACB /* Build configuration list for PBXNativeTarget "First_SemTests" */;
			buildPhases = (
				4FDE44F72AA796D7004ADACB /* Sources */,
				4FDE44F82AA796D7004ADACB /* Frameworks */,
				4FDE44F92AA796D7004ADACB /* Resources */,
			);
			buildRules = (
			);
			dependencies = (
				4FDE44FD2AA796D7004ADACB /* PBXTargetDependency */,
			);
			name = First_SemTests;
			productName = First_SemTests;
			productReference = 4FDE44FB2AA796D7004ADACB /* First_SemTests.xctest */;
			productType = "com.apple.product-type.bundle.unit-test";
		};
		4FDE45042AA796D7004ADACB /* First_SemUITests */ = {
			isa = PBXNativeTarget;
			buildConfigurationList = 4FDE45152AA796D7004ADACB /* Build configuration list for PBXNativeTarget "First_SemUITests" */;
			buildPhases = (
				4FDE45012AA796D7004ADACB /* Sources */,
				4FDE45022AA796D7004ADACB /* Frameworks */,
				4FDE45032AA796D7004ADACB /* Resources */,
			);
			buildRules = (
			);
			dependencies = (
				4FDE45072AA796D7004ADACB /* PBXTargetDependency */,
			);
			name = First_SemUITests;
			productName = First_SemUITests;
			productReference = 4FDE45052AA796D7004ADACB /* First_SemUITests.xctest */;
			productType = "com.apple.product-type.bundle.ui-testing";
		};
/* End PBXNativeTarget section */

/* Begin PBXProject section */
		4FDE44DD2AA796D5004ADACB /* Project object */ = {
			isa = PBXProject;
			attributes = {
				BuildIndependentTargetsInParallel = 1;
				LastSwiftUpdateCheck = 1430;
				LastUpgradeCheck = 1430;
				TargetAttributes = {
					4FDE44E42AA796D5004ADACB = {
						CreatedOnToolsVersion = 14.3;
					};
					4FDE44FA2AA796D7004ADACB = {
						CreatedOnToolsVersion = 14.3;
						TestTargetID = 4FDE44E42AA796D5004ADACB;
					};
					4FDE45042AA796D7004ADACB = {
						CreatedOnToolsVersion = 14.3;
						TestTargetID = 4FDE44E42AA796D5004ADACB;
					};
				};
			};
			buildConfigurationList = 4FDE44E02AA796D5004ADACB /* Build configuration list for PBXProject "First_Sem" */;
			compatibilityVersion = "Xcode 14.0";
			developmentRegion = en;
			hasScannedForEncodings = 0;
			knownRegions = (
				en,
				Base,
			);
			mainGroup = 4FDE44DC2AA796D5004ADACB;
			productRefGroup = 4FDE44E62AA796D5004ADACB /* Products */;
			projectDirPath = "";
			projectRoot = "";
			targets = (
				4FDE44E42AA796D5004ADACB /* First_Sem */,
				4FDE44FA2AA796D7004ADACB /* First_SemTests */,
				4FDE45042AA796D7004ADACB /* First_SemUITests */,
			);
		};
/* End PBXProject section */

/* Begin PBXResourcesBuildPhase section */
		4FDE44E32AA796D5004ADACB /* Resources */ = {
			isa = PBXResourcesBuildPhase;
			buildActionMask = 2147483647;
			files = (
				4FDE44F52AA796D6004ADACB /* LaunchScreen.storyboard in Resources */,
				4FDE44F22AA796D6004ADACB /* Assets.xcassets in Resources */,
				4FDE44F02AA796D5004ADACB /* Main.storyboard in Resources */,
			);
			runOnlyForDeploymentPostprocessing = 0;
		};
		4FDE44F92AA796D7004ADACB /* Resources */ = {
			isa = PBXResourcesBuildPhase;
			buildActionMask = 2147483647;
			files = (
			);
			runOnlyForDeploymentPostprocessing = 0;
		};
		4FDE45032AA796D7004ADACB /* Resources */ = {
			isa = PBXResourcesBuildPhase;
			buildActionMask = 2147483647;
			files = (
			);
			runOnlyForDeploymentPostprocessing = 0;
		};
/* End PBXResourcesBuildPhase section */

/* Begin PBXSourcesBuildPhase section */
		4FDE44E12AA796D5004ADACB /* Sources */ = {
			isa = PBXSourcesBuildPhase;
			buildActionMask = 2147483647;
			files = (
				4FDE44ED2AA796D5004ADACB /* ViewController.swift in Sources */,
				4FDE44E92AA796D5004ADACB /* AppDelegate.swift in Sources */,
				4FDE44EB2AA796D5004ADACB /* SceneDelegate.swift in Sources */,
			);
			runOnlyForDeploymentPostprocessing = 0;
		};
		4FDE44F72AA796D7004ADACB /* Sources */ = {
			isa = PBXSourcesBuildPhase;
			buildActionMask = 2147483647;
			files = (
			);
			runOnlyForDeploymentPostprocessing = 0;
		};
		4FDE45012AA796D7004ADACB /* Sources */ = {
			isa = PBXSourcesBuildPhase;
			buildActionMask = 2147483647;
			files = (
			);
			runOnlyForDeploymentPostprocessing = 0;
		};
/* End PBXSourcesBuildPhase section */

/* Begin PBXTargetDependency section */
		4FDE44FD2AA796D7004ADACB /* PBXTargetDependency */ = {
			isa = PBXTargetDependency;
			target = 4FDE44E42AA796D5004ADACB /* First_Sem */;
			targetProxy = 4FDE44FC2AA796D7004ADACB /* PBXContainerItemProxy */;
		};
		4FDE45072AA796D7004ADACB /* PBXTargetDependency */ = {
			isa = PBXTargetDependency;
			target = 4FDE44E42AA796D5004ADACB /* First_Sem */;
			targetProxy = 4FDE45062AA796D7004ADACB /* PBXContainerItemProxy */;
		};
/* End PBXTargetDependency section */

/* Begin PBXVariantGroup section */
		4FDE44EE2AA796D5004ADACB /* Main.storyboard */ = {
			isa = PBXVariantGroup;
			children = (
				4FDE44EF2AA796D5004ADACB /* Base */,
			);
			name = Main.storyboard;
			sourceTree = "<group>";
		};
		4FDE44F32AA796D6004ADACB /* LaunchScreen.storyboard */ = {
			isa = PBXVariantGroup;
			children = (
				4FDE44F42AA796D6004ADACB /* Base */,
			);
			name = LaunchScreen.storyboard;
			sourceTree = "<group>";
		};
/* End PBXVariantGroup section */

/* Begin XCBuildConfiguration section */
		4FDE450D2AA796D7004ADACB /* Debug */ = {
			isa = XCBuildConfiguration;
			buildSettings = {
				ALWAYS_SEARCH_USER_PATHS = NO;
				CLANG_ANALYZER_NONNULL = YES;
				CLANG_ANALYZER_NUMBER_OBJECT_CONVERSION = YES_AGGRESSIVE;
				CLANG_CXX_LANGUAGE_STANDARD = "gnu++20";
				CLANG_ENABLE_MODULES = YES;
				CLANG_ENABLE_OBJC_ARC = YES;
				CLANG_ENABLE_OBJC_WEAK = YES;
				CLANG_WARN_BLOCK_CAPTURE_AUTORELEASING = YES;
				CLANG_WARN_BOOL_CONVERSION = YES;
				CLANG_WARN_COMMA = YES;
				CLANG_WARN_CONSTANT_CONVERSION = YES;
				CLANG_WARN_DEPRECATED_OBJC_IMPLEMENTATIONS = YES;
				CLANG_WARN_DIRECT_OBJC_ISA_USAGE = YES_ERROR;
				CLANG_WARN_DOCUMENTATION_COMMENTS = YES;
				CLANG_WARN_EMPTY_BODY = YES;
				CLANG_WARN_ENUM_CONVERSION = YES;
				CLANG_WARN_INFINITE_RECURSION = YES;
				CLANG_WARN_INT_CONVERSION = YES;
				CLANG_WARN_NON_LITERAL_NULL_CONVERSION = YES;
				CLANG_WARN_OBJC_IMPLICIT_RETAIN_SELF = YES;
				CLANG_WARN_OBJC_LITERAL_CONVERSION = YES;
				CLANG_WARN_OBJC_ROOT_CLASS = YES_ERROR;
				CLANG_WARN_QUOTED_INCLUDE_IN_FRAMEWORK_HEADER = YES;
				CLANG_WARN_RANGE_LOOP_ANALYSIS = YES;
				CLANG_WARN_STRICT_PROTOTYPES = YES;
				CLANG_WARN_SUSPICIOUS_MOVE = YES;
				CLANG_WARN_UNGUARDED_AVAILABILITY = YES_AGGRESSIVE;
				CLANG_WARN_UNREACHABLE_CODE = YES;
				CLANG_WARN__DUPLICATE_METHOD_MATCH = YES;
				COPY_PHASE_STRIP = NO;
				DEBUG_INFORMATION_FORMAT = dwarf;
				ENABLE_STRICT_OBJC_MSGSEND = YES;
				ENABLE_TESTABILITY = YES;
				GCC_C_LANGUAGE_STANDARD = gnu11;
				GCC_DYNAMIC_NO_PIC = NO;
				GCC_NO_COMMON_BLOCKS = YES;
				GCC_OPTIMIZATION_LEVEL = 0;
				GCC_PREPROCESSOR_DEFINITIONS = (
					"DEBUG=1",
					"$(inherited)",
				);
				GCC_WARN_64_TO_32_BIT_CONVERSION = YES;
				GCC_WARN_ABOUT_RETURN_TYPE = YES_ERROR;
				GCC_WARN_UNDECLARED_SELECTOR = YES;
				GCC_WARN_UNINITIALIZED_AUTOS = YES_AGGRESSIVE;
				GCC_WARN_UNUSED_FUNCTION = YES;
				GCC_WARN_UNUSED_VARIABLE = YES;
				IPHONEOS_DEPLOYMENT_TARGET = 16.4;
				MTL_ENABLE_DEBUG_INFO = INCLUDE_SOURCE;
				MTL_FAST_MATH = YES;
				ONLY_ACTIVE_ARCH = YES;
				SDKROOT = iphoneos;
				SWIFT_ACTIVE_COMPILATION_CONDITIONS = DEBUG;
				SWIFT_OPTIMIZATION_LEVEL = "-Onone";
			};
			name = Debug;
		};
		4FDE450E2AA796D7004ADACB /* Release */ = {
			isa = XCBuildConfiguration;
			buildSettings = {
				ALWAYS_SEARCH_USER_PATHS = NO;
				CLANG_ANALYZER_NONNULL = YES;
				CLANG_ANALYZER_NUMBER_OBJECT_CONVERSION = YES_AGGRESSIVE;
				CLANG_CXX_LANGUAGE_STANDARD = "gnu++20";
				CLANG_ENABLE_MODULES = YES;
				CLANG_ENABLE_OBJC_ARC = YES;
				CLANG_ENABLE_OBJC_WEAK = YES;
				CLANG_WARN_BLOCK_CAPTURE_AUTORELEASING = YES;
				CLANG_WARN_BOOL_CONVERSION = YES;
				CLANG_WARN_COMMA = YES;
				CLANG_WARN_CONSTANT_CONVERSION = YES;
				CLANG_WARN_DEPRECATED_OBJC_IMPLEMENTATIONS = YES;
				CLANG_WARN_DIRECT_OBJC_ISA_USAGE = YES_ERROR;
				CLANG_WARN_DOCUMENTATION_COMMENTS = YES;
				CLANG_WARN_EMPTY_BODY = YES;
				CLANG_WARN_ENUM_CONVERSION = YES;
				CLANG_WARN_INFINITE_RECURSION = YES;
				CLANG_WARN_INT_CONVERSION = YES;
				CLANG_WARN_NON_LITERAL_NULL_CONVERSION = YES;
				CLANG_WARN_OBJC_IMPLICIT_RETAIN_SELF = YES;
				CLANG_WARN_OBJC_LITERAL_CONVERSION = YES;
				CLANG_WARN_OBJC_ROOT_CLASS = YES_ERROR;
				CLANG_WARN_QUOTED_INCLUDE_IN_FRAMEWORK_HEADER = YES;
				CLANG_WARN_RANGE_LOOP_ANALYSIS = YES;
				CLANG_WARN_STRICT_PROTOTYPES = YES;
				CLANG_WARN_SUSPICIOUS_MOVE = YES;
				CLANG_WARN_UNGUARDED_AVAILABILITY = YES_AGGRESSIVE;
				CLANG_WARN_UNREACHABLE_CODE = YES;
				CLANG_WARN__DUPLICATE_METHOD_MATCH = YES;
				COPY_PHASE_STRIP = NO;
				DEBUG_INFORMATION_FORMAT = "dwarf-with-dsym";
				ENABLE_NS_ASSERTIONS = NO;
				ENABLE_STRICT_OBJC_MSGSEND = YES;
				GCC_C_LANGUAGE_STANDARD = gnu11;
				GCC_NO_COMMON_BLOCKS = YES;
				GCC_WARN_64_TO_32_BIT_CONVERSION = YES;
				GCC_WARN_ABOUT_RETURN_TYPE = YES_ERROR;
				GCC_WARN_UNDECLARED_SELECTOR = YES;
				GCC_WARN_UNINITIALIZED_AUTOS = YES_AGGRESSIVE;
				GCC_WARN_UNUSED_FUNCTION = YES;
				GCC_WARN_UNUSED_VARIABLE = YES;
				IPHONEOS_DEPLOYMENT_TARGET = 16.4;
				MTL_ENABLE_DEBUG_INFO = NO;
				MTL_FAST_MATH = YES;
				SDKROOT = iphoneos;
				SWIFT_COMPILATION_MODE = wholemodule;
				SWIFT_OPTIMIZATION_LEVEL = "-O";
				VALIDATE_PRODUCT = YES;
			};
			name = Release;
		};
		4FDE45102AA796D7004ADACB /* Debug */ = {
			isa = XCBuildConfiguration;
			buildSettings = {
				ASSETCATALOG_COMPILER_APPICON_NAME = AppIcon;
				ASSETCATALOG_COMPILER_GLOBAL_ACCENT_COLOR_NAME = AccentColor;
				CODE_SIGN_STYLE = Manual;
				CURRENT_PROJECT_VERSION = 1;
				DEVELOPMENT_TEAM = "";
				GENERATE_INFOPLIST_FILE = YES;
				INFOPLIST_FILE = First_Sem/Info.plist;
				INFOPLIST_KEY_UIApplicationSupportsIndirectInputEvents = YES;
				INFOPLIST_KEY_UILaunchStoryboardName = LaunchScreen;
				INFOPLIST_KEY_UIMainStoryboardFile = Main;
				INFOPLIST_KEY_UISupportedInterfaceOrientations_iPad = "UIInterfaceOrientationPortrait UIInterfaceOrientationPortraitUpsideDown UIInterfaceOrientationLandscapeLeft UIInterfaceOrientationLandscapeRight";
				INFOPLIST_KEY_UISupportedInterfaceOrientations_iPhone = "UIInterfaceOrientationPortrait UIInterfaceOrientationLandscapeLeft UIInterfaceOrientationLandscapeRight";
				LD_RUNPATH_SEARCH_PATHS = (
					"$(inherited)",
					"@executable_path/Frameworks",
				);
				MARKETING_VERSION = 1.0;
				PRODUCT_BUNDLE_IDENTIFIER = "-23.First-Sem";
				PRODUCT_NAME = "$(TARGET_NAME)";
				PROVISIONING_PROFILE_SPECIFIER = "";
				SWIFT_EMIT_LOC_STRINGS = YES;
				SWIFT_VERSION = 5.0;
				TARGETED_DEVICE_FAMILY = "1,2";
			};
			name = Debug;
		};
		4FDE45112AA796D7004ADACB /* Release */ = {
			isa = XCBuildConfiguration;
			buildSettings = {
				ASSETCATALOG_COMPILER_APPICON_NAME = AppIcon;
				ASSETCATALOG_COMPILER_GLOBAL_ACCENT_COLOR_NAME = AccentColor;
				CODE_SIGN_STYLE = Manual;
				CURRENT_PROJECT_VERSION = 1;
				DEVELOPMENT_TEAM = "";
				GENERATE_INFOPLIST_FILE = YES;
				INFOPLIST_FILE = First_Sem/Info.plist;
				INFOPLIST_KEY_UIApplicationSupportsIndirectInputEvents = YES;
				INFOPLIST_KEY_UILaunchStoryboardName = LaunchScreen;
				INFOPLIST_KEY_UIMainStoryboardFile = Main;
				INFOPLIST_KEY_UISupportedInterfaceOrientations_iPad = "UIInterfaceOrientationPortrait UIInterfaceOrientationPortraitUpsideDown UIInterfaceOrientationLandscapeLeft UIInterfaceOrientationLandscapeRight";
				INFOPLIST_KEY_UISupportedInterfaceOrientations_iPhone = "UIInterfaceOrientationPortrait UIInterfaceOrientationLandscapeLeft UIInterfaceOrientationLandscapeRight";
				LD_RUNPATH_SEARCH_PATHS = (
					"$(inherited)",
					"@executable_path/Frameworks",
				);
				MARKETING_VERSION = 1.0;
				PRODUCT_BUNDLE_IDENTIFIER = "-23.First-Sem";
				PRODUCT_NAME = "$(TARGET_NAME)";
				PROVISIONING_PROFILE_SPECIFIER = "";
				SWIFT_EMIT_LOC_STRINGS = YES;
				SWIFT_VERSION = 5.0;
				TARGETED_DEVICE_FAMILY = "1,2";
			};
			name = Release;
		};
		4FDE45132AA796D7004ADACB /* Debug */ = {
			isa = XCBuildConfiguration;
			buildSettings = {
				ALWAYS_EMBED_SWIFT_STANDARD_LIBRARIES = YES;
				BUNDLE_LOADER = "$(TEST_HOST)";
				CODE_SIGN_STYLE = Automatic;
				CURRENT_PROJECT_VERSION = 1;
				DEVELOPMENT_TEAM = "";
				GENERATE_INFOPLIST_FILE = YES;
				IPHONEOS_DEPLOYMENT_TARGET = 16.4;
				MARKETING_VERSION = 1.0;
				PRODUCT_BUNDLE_IDENTIFIER = "-23.First-SemTests";
				PRODUCT_NAME = "$(TARGET_NAME)";
				SWIFT_EMIT_LOC_STRINGS = NO;
				SWIFT_VERSION = 5.0;
				TARGETED_DEVICE_FAMILY = "1,2";
				TEST_HOST = "$(BUILT_PRODUCTS_DIR)/First_Sem.app/$(BUNDLE_EXECUTABLE_FOLDER_PATH)/First_Sem";
			};
			name = Debug;
		};
		4FDE45142AA796D7004ADACB /* Release */ = {
			isa = XCBuildConfiguration;
			buildSettings = {
				ALWAYS_EMBED_SWIFT_STANDARD_LIBRARIES = YES;
				BUNDLE_LOADER = "$(TEST_HOST)";
				CODE_SIGN_STYLE = Automatic;
				CURRENT_PROJECT_VERSION = 1;
				DEVELOPMENT_TEAM = "";
				GENERATE_INFOPLIST_FILE = YES;
				IPHONEOS_DEPLOYMENT_TARGET = 16.4;
				MARKETING_VERSION = 1.0;
				PRODUCT_BUNDLE_IDENTIFIER = "-23.First-SemTests";
				PRODUCT_NAME = "$(TARGET_NAME)";
				SWIFT_EMIT_LOC_STRINGS = NO;
				SWIFT_VERSION = 5.0;
				TARGETED_DEVICE_FAMILY = "1,2";
				TEST_HOST = "$(BUILT_PRODUCTS_DIR)/First_Sem.app/$(BUNDLE_EXECUTABLE_FOLDER_PATH)/First_Sem";
			};
			name = Release;
		};
		4FDE45162AA796D7004ADACB /* Debug */ = {
			isa = XCBuildConfiguration;
			buildSettings = {
				ALWAYS_EMBED_SWIFT_STANDARD_LIBRARIES = YES;
				CODE_SIGN_STYLE = Automatic;
				CURRENT_PROJECT_VERSION = 1;
				GENERATE_INFOPLIST_FILE = YES;
				MARKETING_VERSION = 1.0;
				PRODUCT_BUNDLE_IDENTIFIER = "-23.First-SemUITests";
				PRODUCT_NAME = "$(TARGET_NAME)";
				SWIFT_EMIT_LOC_STRINGS = NO;
				SWIFT_VERSION = 5.0;
				TARGETED_DEVICE_FAMILY = "1,2";
				TEST_TARGET_NAME = First_Sem;
			};
			name = Debug;
		};
		4FDE45172AA796D7004ADACB /* Release */ = {
			isa = XCBuildConfiguration;
			buildSettings = {
				ALWAYS_EMBED_SWIFT_STANDARD_LIBRARIES = YES;
				CODE_SIGN_STYLE = Automatic;
				CURRENT_PROJECT_VERSION = 1;
				GENERATE_INFOPLIST_FILE = YES;
				MARKETING_VERSION = 1.0;
				PRODUCT_BUNDLE_IDENTIFIER = "-23.First-SemUITests";
				PRODUCT_NAME = "$(TARGET_NAME)";
				SWIFT_EMIT_LOC_STRINGS = NO;
				SWIFT_VERSION = 5.0;
				TARGETED_DEVICE_FAMILY = "1,2";
				TEST_TARGET_NAME = First_Sem;
			};
			name = Release;
		};
/* End XCBuildConfiguration section */

/* Begin XCConfigurationList section */
		4FDE44E02AA796D5004ADACB /* Build configuration list for PBXProject "First_Sem" */ = {
			isa = XCConfigurationList;
			buildConfigurations = (
				4FDE450D2AA796D7004ADACB /* Debug */,
				4FDE450E2AA796D7004ADACB /* Release */,
			);
			defaultConfigurationIsVisible = 0;
			defaultConfigurationName = Release;
		};
		4FDE450F2AA796D7004ADACB /* Build configuration list for PBXNativeTarget "First_Sem" */ = {
			isa = XCConfigurationList;
			buildConfigurations = (
				4FDE45102AA796D7004ADACB /* Debug */,
				4FDE45112AA796D7004ADACB /* Release */,
			);
			defaultConfigurationIsVisible = 0;
			defaultConfigurationName = Release;
		};
		4FDE45122AA796D7004ADACB /* Build configuration list for PBXNativeTarget "First_SemTests" */ = {
			isa = XCConfigurationList;
			buildConfigurations = (
				4FDE45132AA796D7004ADACB /* Debug */,
				4FDE45142AA796D7004ADACB /* Release */,
			);
			defaultConfigurationIsVisible = 0;
			defaultConfigurationName = Release;
		};
		4FDE45152AA796D7004ADACB /* Build configuration list for PBXNativeTarget "First_SemUITests" */ = {
			isa = XCConfigurationList;
			buildConfigurations = (
				4FDE45162AA796D7004ADACB /* Debug */,
				4FDE45172AA796D7004ADACB /* Release */,
			);
			defaultConfigurationIsVisible = 0;
			defaultConfigurationName = Release;
		};
/* End XCConfigurationList section */
	};
	rootObject = 4FDE44DD2AA796D5004ADACB /* Project object */;
}
